name: pcr from flex to exchange

metadata:
  author: Abe Stroka
  info: Workflow for transfering pcr plate from flex to cool block on ot2 nest 4
  version: '0.1'


steps:
  - name: transfer
    node: pf400_piper
    action: transfer
    locations:
      source: otflex_sandy_nestA
      target: exchange_nest_low_narrow

